
Microsoft Visual Studio Solution File, Format Version 12.00
# Visual Studio Version 17
VisualStudioVersion = 17.1.32210.238
MinimumVisualStudioVersion = 10.0.40219.1
Project("{FAE04EC0-301F-11D3-BF4B-00C04F79EFBC}") = "RpgHBAnnals", "RpgHBAnnals\RpgHBAnnals.csproj", "{6D106404-3692-47E3-889A-83CDC7829C49}"
EndProject
Project("{FAE04EC0-301F-11D3-BF4B-00C04F79EFBC}") = "RpgHBAnnals.Data", "RpgHBAnnals.data\RpgHBAnnals.Data.csproj", "{322FAD97-BD67-474C-8EDD-785375C22162}"
EndProject
Project("{FAE04EC0-301F-11D3-BF4B-00C04F79EFBC}") = "RpgHBAnnals.Model", "RpgHBAnnals.Model\RpgHBAnnals.Model.csproj", "{C355895C-722C-4F95-AF24-E99A9E46578E}"
EndProject
Project("{FAE04EC0-301F-11D3-BF4B-00C04F79EFBC}") = "RpgHBAnnals.Service", "RpgHBAnnals.Service\RpgHBAnnals.Service.csproj", "{613E401F-D669-42AB-AE0B-1DD8DBA7AD3B}"
EndProject
Project("{FAE04EC0-301F-11D3-BF4B-00C04F79EFBC}") = "RpgHBAnnals.Test", "RpgHBAnnals.Test\RpgHBAnnals.Test.csproj", "{2E8342FB-355C-482A-B495-11DA6D70BF3C}"
EndProject
Global
	GlobalSection(SolutionConfigurationPlatforms) = preSolution
		Debug|Any CPU = Debug|Any CPU
		Release|Any CPU = Release|Any CPU
	EndGlobalSection
	GlobalSection(ProjectConfigurationPlatforms) = postSolution
		{6D106404-3692-47E3-889A-83CDC7829C49}.Debug|Any CPU.ActiveCfg = Debug|Any CPU
		{6D106404-3692-47E3-889A-83CDC7829C49}.Debug|Any CPU.Build.0 = Debug|Any CPU
		{6D106404-3692-47E3-889A-83CDC7829C49}.Release|Any CPU.ActiveCfg = Release|Any CPU
		{6D106404-3692-47E3-889A-83CDC7829C49}.Release|Any CPU.Build.0 = Release|Any CPU
		{322FAD97-BD67-474C-8EDD-785375C22162}.Debug|Any CPU.ActiveCfg = Debug|Any CPU
		{322FAD97-BD67-474C-8EDD-785375C22162}.Debug|Any CPU.Build.0 = Debug|Any CPU
		{322FAD97-BD67-474C-8EDD-785375C22162}.Release|Any CPU.ActiveCfg = Release|Any CPU
		{322FAD97-BD67-474C-8EDD-785375C22162}.Release|Any CPU.Build.0 = Release|Any CPU
		{C355895C-722C-4F95-AF24-E99A9E46578E}.Debug|Any CPU.ActiveCfg = Debug|Any CPU
		{C355895C-722C-4F95-AF24-E99A9E46578E}.Debug|Any CPU.Build.0 = Debug|Any CPU
		{C355895C-722C-4F95-AF24-E99A9E46578E}.Release|Any CPU.ActiveCfg = Release|Any CPU
		{C355895C-722C-4F95-AF24-E99A9E46578E}.Release|Any CPU.Build.0 = Release|Any CPU
		{613E401F-D669-42AB-AE0B-1DD8DBA7AD3B}.Debug|Any CPU.ActiveCfg = Debug|Any CPU
		{613E401F-D669-42AB-AE0B-1DD8DBA7AD3B}.Debug|Any CPU.Build.0 = Debug|Any CPU
		{613E401F-D669-42AB-AE0B-1DD8DBA7AD3B}.Release|Any CPU.ActiveCfg = Release|Any CPU
		{613E401F-D669-42AB-AE0B-1DD8DBA7AD3B}.Release|Any CPU.Build.0 = Release|Any CPU
		{2E8342FB-355C-482A-B495-11DA6D70BF3C}.Debug|Any CPU.ActiveCfg = Debug|Any CPU
		{2E8342FB-355C-482A-B495-11DA6D70BF3C}.Debug|Any CPU.Build.0 = Debug|Any CPU
		{2E8342FB-355C-482A-B495-11DA6D70BF3C}.Release|Any CPU.ActiveCfg = Release|Any CPU
		{2E8342FB-355C-482A-B495-11DA6D70BF3C}.Release|Any CPU.Build.0 = Release|Any CPU
	EndGlobalSection
	GlobalSection(SolutionProperties) = preSolution
		HideSolutionNode = FALSE
	EndGlobalSection
	GlobalSection(ExtensibilityGlobals) = postSolution
		SolutionGuid = {EF2AEBE3-B7D6-49C0-B5DA-80A5C2A5F0F2}
	EndGlobalSection
EndGlobal
